
Microsoft Visual Studio Solution File, Format Version 12.00
# Visual Studio 15
VisualStudioVersion = 15.0.27004.2002
MinimumVisualStudioVersion = 10.0.40219.1
Project("{FAE04EC0-301F-11D3-BF4B-00C04F79EFBC}") = "04.Fibonacci", "Fibonacci\04.Fibonacci.csproj", "{F064BFAF-7089-4DA9-9077-75735B985E3E}"
EndProject
Project("{FAE04EC0-301F-11D3-BF4B-00C04F79EFBC}") = "02.IntegerToBinary", "IntegerToBinary\02.IntegerToBinary.csproj", "{477FF83B-1D7D-493A-B835-C2CEEB732DA0}"
EndProject
Project("{FAE04EC0-301F-11D3-BF4B-00C04F79EFBC}") = "03.Factorial", "Factorial\03.Factorial.csproj", "{17A10839-24E0-48D7-9499-A7F6E8F0D5A7}"
EndProject
Project("{FAE04EC0-301F-11D3-BF4B-00C04F79EFBC}") = "01.BinarySearch", "BinarySearch\01.BinarySearch.csproj", "{F5EE6382-2A65-4AC1-8395-A5B2F2AC6B12}"
EndProject
Project("{FAE04EC0-301F-11D3-BF4B-00C04F79EFBC}") = "05.Transposition", "Transposition\05.Transposition.csproj", "{A202E326-941A-4A48-9D10-69B70473AF37}"
EndProject
Project("{FAE04EC0-301F-11D3-BF4B-00C04F79EFBC}") = "06.Histogram", "Histogram\06.Histogram.csproj", "{22185E60-D38D-424C-9457-9A99D475B66C}"
EndProject
Project("{FAE04EC0-301F-11D3-BF4B-00C04F79EFBC}") = "07.EuclidGCD", "07.EuclidGCD\07.EuclidGCD.csproj", "{08254734-DB03-47E5-9AC5-D876CCB69F3B}"
EndProject
Project("{FAE04EC0-301F-11D3-BF4B-00C04F79EFBC}") = "08.BinomialDistro", "08.BinomialDistro\08.BinomialDistro.csproj", "{A77A002D-1007-4274-B3E0-0DB196CD58EB}"
EndProject
Project("{FAE04EC0-301F-11D3-BF4B-00C04F79EFBC}") = "09.BagsQueuesStacks", "09.BagsQueuesStacks\09.BagsQueuesStacks.csproj", "{1197A184-9B39-4BEA-9A06-B58D512B9A1B}"
EndProject
Project("{FAE04EC0-301F-11D3-BF4B-00C04F79EFBC}") = "10.LinkedLists", "10.LinkedLists\10.LinkedLists.csproj", "{C8EF7811-450E-4B3F-BD6B-F8AAFAA73854}"
EndProject
Project("{FAE04EC0-301F-11D3-BF4B-00C04F79EFBC}") = "11.Sorting", "11.Sorting\11.Sorting.csproj", "{EC63F52A-FB43-4B20-877E-E5CBF34CA519}"
EndProject
Project("{FAE04EC0-301F-11D3-BF4B-00C04F79EFBC}") = "9999.InterviewAlgos", "9999.InterviewAlgos\9999.InterviewAlgos.csproj", "{F26776B2-D61D-47E9-B5C1-BBF36F870282}"
EndProject
Project("{FAE04EC0-301F-11D3-BF4B-00C04F79EFBC}") = "Tests", "Tests\Tests.csproj", "{30FDC1E2-8260-41C0-95AB-2ADFA5D3EB89}"
EndProject
Global
	GlobalSection(SolutionConfigurationPlatforms) = preSolution
		Debug|Any CPU = Debug|Any CPU
		Release|Any CPU = Release|Any CPU
	EndGlobalSection
	GlobalSection(ProjectConfigurationPlatforms) = postSolution
		{F064BFAF-7089-4DA9-9077-75735B985E3E}.Debug|Any CPU.ActiveCfg = Debug|Any CPU
		{F064BFAF-7089-4DA9-9077-75735B985E3E}.Debug|Any CPU.Build.0 = Debug|Any CPU
		{F064BFAF-7089-4DA9-9077-75735B985E3E}.Release|Any CPU.ActiveCfg = Release|Any CPU
		{F064BFAF-7089-4DA9-9077-75735B985E3E}.Release|Any CPU.Build.0 = Release|Any CPU
		{477FF83B-1D7D-493A-B835-C2CEEB732DA0}.Debug|Any CPU.ActiveCfg = Debug|Any CPU
		{477FF83B-1D7D-493A-B835-C2CEEB732DA0}.Debug|Any CPU.Build.0 = Debug|Any CPU
		{477FF83B-1D7D-493A-B835-C2CEEB732DA0}.Release|Any CPU.ActiveCfg = Release|Any CPU
		{477FF83B-1D7D-493A-B835-C2CEEB732DA0}.Release|Any CPU.Build.0 = Release|Any CPU
		{17A10839-24E0-48D7-9499-A7F6E8F0D5A7}.Debug|Any CPU.ActiveCfg = Debug|Any CPU
		{17A10839-24E0-48D7-9499-A7F6E8F0D5A7}.Debug|Any CPU.Build.0 = Debug|Any CPU
		{17A10839-24E0-48D7-9499-A7F6E8F0D5A7}.Release|Any CPU.ActiveCfg = Release|Any CPU
		{17A10839-24E0-48D7-9499-A7F6E8F0D5A7}.Release|Any CPU.Build.0 = Release|Any CPU
		{F5EE6382-2A65-4AC1-8395-A5B2F2AC6B12}.Debug|Any CPU.ActiveCfg = Debug|Any CPU
		{F5EE6382-2A65-4AC1-8395-A5B2F2AC6B12}.Debug|Any CPU.Build.0 = Debug|Any CPU
		{F5EE6382-2A65-4AC1-8395-A5B2F2AC6B12}.Release|Any CPU.ActiveCfg = Release|Any CPU
		{F5EE6382-2A65-4AC1-8395-A5B2F2AC6B12}.Release|Any CPU.Build.0 = Release|Any CPU
		{A202E326-941A-4A48-9D10-69B70473AF37}.Debug|Any CPU.ActiveCfg = Debug|Any CPU
		{A202E326-941A-4A48-9D10-69B70473AF37}.Debug|Any CPU.Build.0 = Debug|Any CPU
		{A202E326-941A-4A48-9D10-69B70473AF37}.Release|Any CPU.ActiveCfg = Release|Any CPU
		{A202E326-941A-4A48-9D10-69B70473AF37}.Release|Any CPU.Build.0 = Release|Any CPU
		{22185E60-D38D-424C-9457-9A99D475B66C}.Debug|Any CPU.ActiveCfg = Debug|Any CPU
		{22185E60-D38D-424C-9457-9A99D475B66C}.Debug|Any CPU.Build.0 = Debug|Any CPU
		{22185E60-D38D-424C-9457-9A99D475B66C}.Release|Any CPU.ActiveCfg = Release|Any CPU
		{22185E60-D38D-424C-9457-9A99D475B66C}.Release|Any CPU.Build.0 = Release|Any CPU
		{08254734-DB03-47E5-9AC5-D876CCB69F3B}.Debug|Any CPU.ActiveCfg = Debug|Any CPU
		{08254734-DB03-47E5-9AC5-D876CCB69F3B}.Debug|Any CPU.Build.0 = Debug|Any CPU
		{08254734-DB03-47E5-9AC5-D876CCB69F3B}.Release|Any CPU.ActiveCfg = Release|Any CPU
		{08254734-DB03-47E5-9AC5-D876CCB69F3B}.Release|Any CPU.Build.0 = Release|Any CPU
		{A77A002D-1007-4274-B3E0-0DB196CD58EB}.Debug|Any CPU.ActiveCfg = Debug|Any CPU
		{A77A002D-1007-4274-B3E0-0DB196CD58EB}.Debug|Any CPU.Build.0 = Debug|Any CPU
		{A77A002D-1007-4274-B3E0-0DB196CD58EB}.Release|Any CPU.ActiveCfg = Release|Any CPU
		{A77A002D-1007-4274-B3E0-0DB196CD58EB}.Release|Any CPU.Build.0 = Release|Any CPU
		{1197A184-9B39-4BEA-9A06-B58D512B9A1B}.Debug|Any CPU.ActiveCfg = Debug|Any CPU
		{1197A184-9B39-4BEA-9A06-B58D512B9A1B}.Debug|Any CPU.Build.0 = Debug|Any CPU
		{1197A184-9B39-4BEA-9A06-B58D512B9A1B}.Release|Any CPU.ActiveCfg = Release|Any CPU
		{1197A184-9B39-4BEA-9A06-B58D512B9A1B}.Release|Any CPU.Build.0 = Release|Any CPU
		{C8EF7811-450E-4B3F-BD6B-F8AAFAA73854}.Debug|Any CPU.ActiveCfg = Debug|Any CPU
		{C8EF7811-450E-4B3F-BD6B-F8AAFAA73854}.Debug|Any CPU.Build.0 = Debug|Any CPU
		{C8EF7811-450E-4B3F-BD6B-F8AAFAA73854}.Release|Any CPU.ActiveCfg = Release|Any CPU
		{C8EF7811-450E-4B3F-BD6B-F8AAFAA73854}.Release|Any CPU.Build.0 = Release|Any CPU
		{EC63F52A-FB43-4B20-877E-E5CBF34CA519}.Debug|Any CPU.ActiveCfg = Debug|Any CPU
		{EC63F52A-FB43-4B20-877E-E5CBF34CA519}.Debug|Any CPU.Build.0 = Debug|Any CPU
		{EC63F52A-FB43-4B20-877E-E5CBF34CA519}.Release|Any CPU.ActiveCfg = Release|Any CPU
		{EC63F52A-FB43-4B20-877E-E5CBF34CA519}.Release|Any CPU.Build.0 = Release|Any CPU
		{F26776B2-D61D-47E9-B5C1-BBF36F870282}.Debug|Any CPU.ActiveCfg = Debug|Any CPU
		{F26776B2-D61D-47E9-B5C1-BBF36F870282}.Debug|Any CPU.Build.0 = Debug|Any CPU
		{F26776B2-D61D-47E9-B5C1-BBF36F870282}.Release|Any CPU.ActiveCfg = Release|Any CPU
		{F26776B2-D61D-47E9-B5C1-BBF36F870282}.Release|Any CPU.Build.0 = Release|Any CPU
		{30FDC1E2-8260-41C0-95AB-2ADFA5D3EB89}.Debug|Any CPU.ActiveCfg = Debug|Any CPU
		{30FDC1E2-8260-41C0-95AB-2ADFA5D3EB89}.Debug|Any CPU.Build.0 = Debug|Any CPU
		{30FDC1E2-8260-41C0-95AB-2ADFA5D3EB89}.Release|Any CPU.ActiveCfg = Release|Any CPU
		{30FDC1E2-8260-41C0-95AB-2ADFA5D3EB89}.Release|Any CPU.Build.0 = Release|Any CPU
	EndGlobalSection
	GlobalSection(SolutionProperties) = preSolution
		HideSolutionNode = FALSE
	EndGlobalSection
	GlobalSection(ExtensibilityGlobals) = postSolution
		SolutionGuid = {0CB43C42-DA0F-4F74-9DB3-4E399863D0E2}
	EndGlobalSection
EndGlobal
